schema: '2.0'
stages:
  fetch_energy_demand:
    cmd: "uv run python -m src.data.fetch.fetch_energy_demand_data\ngit commit -am
      \"Updated energy demand data on `date` with DVC pipeline and GitHub workflows\"\
      \ || true\ngit push || true\nuv run dvc push || true\n"
    deps:
    - path: src/data/fetch/fetch_energy_demand_data.py
      hash: md5
      md5: 65744478f7c65ce0c04ca3b28d4ed830
      size: 3495
    params:
      params.yaml:
        fetch.energy_demand.file_path: data/raw/energy_demand/energy_demand.json
        fetch.energy_demand.url: https://api.iea.org/rte/demand/SVN/timeseries
    outs:
    - path: data/raw/energy_demand/energy_demand.json
      hash: md5
      md5: c7c8c3da85a36368b8d264ce4d65e6b6
      size: 274671
  fetch_weather_history:
    cmd: "uv run python -m src.data.fetch.fetch_weather_past_data\ngit commit -am
      \"Updated weather history data on `date` with DVC pipeline and GitHub workflows\"\
      \ || true\ngit push || true\nuv run dvc push || true\n"
    deps:
    - path: src/data/fetch/fetch_weather_past_data.py
      hash: md5
      md5: c03fa00572d569c9926f0cedc14e971b
      size: 2751
    params:
      params.yaml:
        fetch.weather_history.lat: 46.05
        fetch.weather_history.lon: 14.5
        fetch.weather_history.url: https://archive-api.open-meteo.com/v1/archive
    outs:
    - path: data/raw/weather/history/weather_history.json
      hash: md5
      md5: a2d5d1d2bf04cf9647d2f4de47a7c275
      size: 203801
  fetch_weather_forecast:
    cmd: "uv run python -m src.data.fetch.fetch_weather_forecast_data\ngit commit
      -am \"Updated weather forecast data on `date` with DVC pipeline and GitHub workflows\"\
      \ || true\ngit push || true\nuv run dvc push || true\n"
    deps:
    - path: src/data/fetch/fetch_weather_forecast_data.py
      hash: md5
      md5: ca9f304a3c4b4940ef35056fc56045c3
      size: 960
    params:
      params.yaml:
        fetch.weather_forecast.forecast_days: 16
        fetch.weather_forecast.lat: 46.05
        fetch.weather_forecast.lon: 14.5
        fetch.weather_forecast.url: https://api.open-meteo.com/v1/forecast
    outs:
    - path: data/raw/weather/forecast/weather_forecast.json
      hash: md5
      md5: 0d004d6704ef1517f642eeb1c780e513
      size: 1907
  preprocess:
    cmd: "uv run python -m src.data.preprocess.merge_datasets\ngit commit -am \"Updated
      preprocessed data on `date` with DVC pipeline and GitHub workflow\" || true\n
      git push || true\nuv run dvc push || true\n"
    deps:
    - path: data/raw/energy_demand/energy_demand.json
      hash: md5
      md5: c7c8c3da85a36368b8d264ce4d65e6b6
      size: 274671
    - path: data/raw/weather/forecast/weather_forecast.json
      hash: md5
      md5: 0d004d6704ef1517f642eeb1c780e513
      size: 1907
    - path: data/raw/weather/history/weather_history.json
      hash: md5
      md5: 103d6713b87130080f91a6f74ffe5740
      size: 203717
    - path: src/data/preprocess/merge_datasets.py
      hash: md5
      md5: 4f8d54bb8ced61a197a7ee7484d67bce
      size: 3926
    params:
      params.yaml:
        preprocess.output_path: data/preprocessed/final_dataset.csv
    outs:
    - path: data/preprocessed/final_dataset.csv
      hash: md5
      md5: f3b3724e7d3ffa76d87fd04ee6fe5954
      size: 125014
  validate:
    cmd: "cd gx && uv run python run_checkpoint.py\n"
    deps:
    - path: data/preprocessed/final_dataset.csv
      hash: md5
      md5: f3b3724e7d3ffa76d87fd04ee6fe5954
      size: 125014
  test_data:
    cmd: "uv run python src/data/test/test_data.py\n"
    deps:
    - path: data/preprocessed/final_dataset.csv
      hash: md5
      md5: f3b3724e7d3ffa76d87fd04ee6fe5954
      size: 125014
    - path: src/data/test/test_data.py
      hash: md5
      md5: a93f9fafa893260e900b056f393825a2
      size: 3680
    outs:
    - path: data/reference
      hash: md5
      md5: 52c25d7ec11f9bdbbe3263492083ca17.dir
      size: 124666
      nfiles: 1
  train:
    cmd: "uv run python src/models/train.py\ngit commit -am \"Updated model on `date`
      with DVC pipeline\" || true\ngit push || true\nuv run dvc push || true\n"
    deps:
    - path: data/preprocessed/final_dataset.csv
      hash: md5
      md5: f3b3724e7d3ffa76d87fd04ee6fe5954
      size: 125014
    - path: data/reference
      hash: md5
      md5: 52c25d7ec11f9bdbbe3263492083ca17.dir
      size: 124666
      nfiles: 1
    - path: gx/uncommitted
      hash: md5
      md5: b15bced6333ad8ce4b0e438caf11c948.dir
      size: 4217576
      nfiles: 26
    - path: src/models/preprocess.py
      hash: md5
      md5: 5f4aa161479b881298bb07f1cd9c7d38
      size: 1603
    - path: src/models/train.py
      hash: md5
      md5: c6f90fe76371fbc229bef00a017f3ea6
      size: 14377
    params:
      params.yaml:
        train.feature_cols:
        - temp_max
        - temp_min
        - daylight_duration
        train.random_state: 42
        train.target_col: energy_demand
        train.test_size: 90
        train.window_size: 30
    outs:
    - path: models/model_energy_demand.keras
      hash: md5
      md5: 9bda2feca258070eb1a12683eb5f37ab
      size: 411696
    - path: models/pipeline_energy_demand.pkl
      hash: md5
      md5: 5705fc6e4c4fd27acd862cde0e28824e
      size: 3435
  train_univariate:
    cmd: "uv run python src/models/train_univariate.py\ngit commit -am \"Updated model
      on `date` with DVC pipeline\" || true\ngit push || true\nuv run dvc push ||
      true\n"
    deps:
    - path: data/preprocessed/final_dataset.csv
      hash: md5
      md5: f3b3724e7d3ffa76d87fd04ee6fe5954
      size: 125014
    - path: data/reference
      hash: md5
      md5: 52c25d7ec11f9bdbbe3263492083ca17.dir
      size: 124666
      nfiles: 1
    - path: gx/uncommitted
      hash: md5
      md5: b15bced6333ad8ce4b0e438caf11c948.dir
      size: 4217576
      nfiles: 26
    - path: src/models/preprocess.py
      hash: md5
      md5: 5f4aa161479b881298bb07f1cd9c7d38
      size: 1603
    - path: src/models/train_univariate.py
      hash: md5
      md5: 6f25db244ed160fa439a18e8afb0d38f
      size: 10376
    params:
      params.yaml:
        train_univariate.random_state: 42
        train_univariate.target_col: energy_demand
        train_univariate.test_size: 90
        train_univariate.window_size: 60
    outs:
    - path: models/model_energy_demand_univariate.keras
      hash: md5
      md5: e3a31c14729ef480621b2430a5e26b9f
      size: 807194
    - path: models/pipeline_univariate.pkl
      hash: md5
      md5: 7b20608878767e36d53c7683df3ea009
      size: 1385
