schema: '2.0'
stages:
  fetch_energy_demand:
    cmd: "uv run python -m src.data.fetch.fetch_energy_demand_data\ngit commit -am
      \"Updated energy demand data on `date` with DVC pipeline and GitHub workflows\"\
      \ || true\ngit push || true\nuv run dvc push || true\n"
    deps:
    - path: src/data/fetch/fetch_energy_demand_data.py
      hash: md5
      md5: 65744478f7c65ce0c04ca3b28d4ed830
      size: 3495
    params:
      params.yaml:
        fetch.energy_demand.file_path: data/raw/energy_demand/energy_demand.json
        fetch.energy_demand.url: https://api.iea.org/rte/demand/SVN/timeseries
    outs:
    - path: data/raw/energy_demand/energy_demand.json
      hash: md5
      md5: 833a9d4dfa4a4716f2e981ff9863c26e
      size: 264615
  fetch_weather_history:
    cmd: "uv run python -m src.data.fetch.fetch_weather_past_data\ngit commit -am
      \"Updated weather history data on `date` with DVC pipeline and GitHub workflows\"\
      \ || true\ngit push || true\nuv run dvc push || true\n"
    deps:
    - path: src/data/fetch/fetch_weather_past_data.py
      hash: md5
      md5: c03fa00572d569c9926f0cedc14e971b
      size: 2751
    params:
      params.yaml:
        fetch.weather_history.lat: 46.05
        fetch.weather_history.lon: 14.5
        fetch.weather_history.url: https://archive-api.open-meteo.com/v1/archive
    outs:
    - path: data/raw/weather/history/weather_history.json
      hash: md5
      md5: 0d1499ce7375de693b641b2634f6bda1
      size: 196169
  fetch_weather_forecast:
    cmd: "uv run python -m src.data.fetch.fetch_weather_forecast_data\ngit commit
      -am \"Updated weather forecast data on `date` with DVC pipeline and GitHub workflows\"\
      \ || true\ngit push || true\nuv run dvc push || true\n"
    deps:
    - path: src/data/fetch/fetch_weather_forecast_data.py
      hash: md5
      md5: ca9f304a3c4b4940ef35056fc56045c3
      size: 960
    params:
      params.yaml:
        fetch.weather_forecast.forecast_days: 16
        fetch.weather_forecast.lat: 46.05
        fetch.weather_forecast.lon: 14.5
        fetch.weather_forecast.url: https://api.open-meteo.com/v1/forecast
    outs:
    - path: data/raw/weather/forecast/weather_forecast.json
      hash: md5
      md5: 0cb27ff9f1f426dde4561918e0c5324b
      size: 1910
  preprocess:
    cmd: "uv run python -m src.data.preprocess.merge_datasets\ngit commit -am \"Updated
      preprocessed data on `date` with DVC pipeline and GitHub workflow\" || true\n
      git push || true\nuv run dvc push || true\n"
    deps:
    - path: data/raw/energy_demand/energy_demand.json
      hash: md5
      md5: 833a9d4dfa4a4716f2e981ff9863c26e
      size: 264615
    - path: data/raw/weather/forecast/weather_forecast.json
      hash: md5
      md5: 0cb27ff9f1f426dde4561918e0c5324b
      size: 1910
    - path: data/raw/weather/history/weather_history.json
      hash: md5
      md5: 0d1499ce7375de693b641b2634f6bda1
      size: 196169
    - path: src/data/preprocess/merge_datasets.py
      hash: md5
      md5: 4f8d54bb8ced61a197a7ee7484d67bce
      size: 3926
    params:
      params.yaml:
        preprocess.output_path: data/preprocessed/final_dataset.csv
    outs:
    - path: data/preprocessed/final_dataset.csv
      hash: md5
      md5: 41c4cfabb5c12a25f39fd96ffad8a714
      size: 120256
  validate:
    cmd: "cd gx && uv run python run_checkpoint.py\n"
    deps:
    - path: data/preprocessed/final_dataset.csv
      hash: md5
      md5: 41c4cfabb5c12a25f39fd96ffad8a714
      size: 120256
  test_data:
    cmd: "uv run python src/data/test/test_data.py\n"
    deps:
    - path: data/preprocessed/final_dataset.csv
      hash: md5
      md5: 41c4cfabb5c12a25f39fd96ffad8a714
      size: 120256
    - path: src/data/test/test_data.py
      hash: md5
      md5: a93f9fafa893260e900b056f393825a2
      size: 3680
    outs:
    - path: data/reference
      hash: md5
      md5: bfc9b9462cb331feafe511c9d2dffe88.dir
      size: 119959
      nfiles: 1
  train:
    cmd: "uv run python src/models/train.py\ngit commit -am \"Updated model on `date`
      with DVC pipeline\" || true\ngit push || true\nuv run dvc push || true\n"
    deps:
    - path: data/preprocessed/final_dataset.csv
      hash: md5
      md5: 41c4cfabb5c12a25f39fd96ffad8a714
      size: 120256
    - path: data/reference
      hash: md5
      md5: bfc9b9462cb331feafe511c9d2dffe88.dir
      size: 119959
      nfiles: 1
    - path: gx/uncommitted
      hash: md5
      md5: b00244f24067d4d70592af1404013a0e.dir
      size: 4217575
      nfiles: 26
    - path: src/models/preprocess.py
      hash: md5
      md5: 5f4aa161479b881298bb07f1cd9c7d38
      size: 1603
    - path: src/models/train.py
      hash: md5
      md5: 995ac57cbc869383208c99bf1d74612c
      size: 14377
    params:
      params.yaml:
        train.feature_cols:
        - temp_max
        - temp_min
        - daylight_duration
        train.random_state: 42
        train.target_col: energy_demand
        train.test_size: 90
        train.window_size: 30
    outs:
    - path: models/model_energy_demand.keras
      hash: md5
      md5: 0e4fd442629dcad2367596eca26c5551
      size: 411696
    - path: models/pipeline_energy_demand.pkl
      hash: md5
      md5: fb0a7753a291864291f2391d3afc3cd7
      size: 3435
  train_univariate:
    cmd: "uv run python src/models/train_univariate.py\ngit commit -am \"Updated model
      on `date` with DVC pipeline\" || true\ngit push || true\nuv run dvc push ||
      true\n"
    deps:
    - path: data/preprocessed/final_dataset.csv
      hash: md5
      md5: 41c4cfabb5c12a25f39fd96ffad8a714
      size: 120256
    - path: data/reference
      hash: md5
      md5: bfc9b9462cb331feafe511c9d2dffe88.dir
      size: 119959
      nfiles: 1
    - path: gx/uncommitted
      hash: md5
      md5: b00244f24067d4d70592af1404013a0e.dir
      size: 4217575
      nfiles: 26
    - path: src/models/preprocess.py
      hash: md5
      md5: 5f4aa161479b881298bb07f1cd9c7d38
      size: 1603
    - path: src/models/train_univariate.py
      hash: md5
      md5: 6f25db244ed160fa439a18e8afb0d38f
      size: 10376
    params:
      params.yaml:
        train_univariate.random_state: 42
        train_univariate.target_col: energy_demand
        train_univariate.test_size: 90
        train_univariate.window_size: 60
    outs:
    - path: models/model_energy_demand_univariate.keras
      hash: md5
      md5: 21025d1272c29c4b148deb2c7bd841e1
      size: 807194
    - path: models/pipeline_univariate.pkl
      hash: md5
      md5: 478a52f19a965e98d07455c09d53dd66
      size: 1385
